
Microsoft Visual Studio Solution File, Format Version 12.00
# Visual Studio Version 17
VisualStudioVersion = 17.5.002.0
MinimumVisualStudioVersion = 10.0.40219.1
Project("{9A19103F-16F7-4668-BE54-9A1E7A4F7556}") = "Recipe API", "Recipe API.csproj", "{010408D8-F6B1-4BBE-9E4C-0706FED82636}"
EndProject
Global
	GlobalSection(SolutionConfigurationPlatforms) = preSolution
		Debug|Any CPU = Debug|Any CPU
		Release|Any CPU = Release|Any CPU
	EndGlobalSection
	GlobalSection(ProjectConfigurationPlatforms) = postSolution
		{010408D8-F6B1-4BBE-9E4C-0706FED82636}.Debug|Any CPU.ActiveCfg = Debug|Any CPU
		{010408D8-F6B1-4BBE-9E4C-0706FED82636}.Debug|Any CPU.Build.0 = Debug|Any CPU
		{010408D8-F6B1-4BBE-9E4C-0706FED82636}.Release|Any CPU.ActiveCfg = Release|Any CPU
		{010408D8-F6B1-4BBE-9E4C-0706FED82636}.Release|Any CPU.Build.0 = Release|Any CPU
	EndGlobalSection
	GlobalSection(SolutionProperties) = preSolution
		HideSolutionNode = FALSE
	EndGlobalSection
	GlobalSection(ExtensibilityGlobals) = postSolution
		SolutionGuid = {B89A76DC-7A65-47C7-93DC-442860F7466D}
	EndGlobalSection
EndGlobal
